
Microsoft Visual Studio Solution File, Format Version 12.00
# Visual Studio Version 17
VisualStudioVersion = 17.9.34622.214
MinimumVisualStudioVersion = 10.0.40219.1
Project("{FAE04EC0-301F-11D3-BF4B-00C04F79EFBC}") = "Задача", "Задача\Задача.csproj", "{9DFAA64A-447D-402D-A1F0-8F16F4D8F8A6}"
EndProject
Global
	GlobalSection(SolutionConfigurationPlatforms) = preSolution
		Debug|Any CPU = Debug|Any CPU
		Release|Any CPU = Release|Any CPU
	EndGlobalSection
	GlobalSection(ProjectConfigurationPlatforms) = postSolution
		{9DFAA64A-447D-402D-A1F0-8F16F4D8F8A6}.Debug|Any CPU.ActiveCfg = Debug|Any CPU
		{9DFAA64A-447D-402D-A1F0-8F16F4D8F8A6}.Debug|Any CPU.Build.0 = Debug|Any CPU
		{9DFAA64A-447D-402D-A1F0-8F16F4D8F8A6}.Release|Any CPU.ActiveCfg = Release|Any CPU
		{9DFAA64A-447D-402D-A1F0-8F16F4D8F8A6}.Release|Any CPU.Build.0 = Release|Any CPU
	EndGlobalSection
	GlobalSection(SolutionProperties) = preSolution
		HideSolutionNode = FALSE
	EndGlobalSection
	GlobalSection(ExtensibilityGlobals) = postSolution
		SolutionGuid = {987A1B52-52A4-490E-A5DE-2FA3A0D3A916}
	EndGlobalSection
EndGlobal
